
Microsoft Visual Studio Solution File, Format Version 12.00
# Visual Studio Version 17
VisualStudioVersion = 17.0.31903.59
MinimumVisualStudioVersion = 10.0.40219.1
Project("{FAE04EC0-301F-11D3-BF4B-00C04F79EFBC}") = "Web", "Web\Web.csproj", "{0DCEBCEE-5B93-475B-880D-618A4525DBD5}"
EndProject
Global
	GlobalSection(SolutionConfigurationPlatforms) = preSolution
		Debug|Any CPU = Debug|Any CPU
		Release|Any CPU = Release|Any CPU
	EndGlobalSection
	GlobalSection(ProjectConfigurationPlatforms) = postSolution
		{0DCEBCEE-5B93-475B-880D-618A4525DBD5}.Debug|Any CPU.ActiveCfg = Debug|Any CPU
		{0DCEBCEE-5B93-475B-880D-618A4525DBD5}.Debug|Any CPU.Build.0 = Debug|Any CPU
		{0DCEBCEE-5B93-475B-880D-618A4525DBD5}.Release|Any CPU.ActiveCfg = Release|Any CPU
		{0DCEBCEE-5B93-475B-880D-618A4525DBD5}.Release|Any CPU.Build.0 = Release|Any CPU
	EndGlobalSection
	GlobalSection(SolutionProperties) = preSolution
		HideSolutionNode = FALSE
	EndGlobalSection
	GlobalSection(ExtensibilityGlobals) = postSolution
		SolutionGuid = {D493E785-C1CD-405C-9F72-9F125771192F}
	EndGlobalSection
EndGlobal
